
Microsoft Visual Studio Solution File, Format Version 11.00
# Visual Studio 2010
Project("{FAE04EC0-301F-11D3-BF4B-00C04F79EFBC}") = "win6x_registry_tweak", "win6x_registry_tweak.csproj", "{D31788D0-EF2C-49B4-B444-1A6A90E0DFA7}"
EndProject
Global
	GlobalSection(SolutionConfigurationPlatforms) = preSolution
		Debug|Any CPU = Debug|Any CPU
		Release|Any CPU = Release|Any CPU
	EndGlobalSection
	GlobalSection(ProjectConfigurationPlatforms) = postSolution
		{D31788D0-EF2C-49B4-B444-1A6A90E0DFA7}.Debug|Any CPU.ActiveCfg = Debug|Any CPU
		{D31788D0-EF2C-49B4-B444-1A6A90E0DFA7}.Debug|Any CPU.Build.0 = Debug|Any CPU
		{D31788D0-EF2C-49B4-B444-1A6A90E0DFA7}.Release|Any CPU.ActiveCfg = Release|Any CPU
		{D31788D0-EF2C-49B4-B444-1A6A90E0DFA7}.Release|Any CPU.Build.0 = Release|Any CPU
	EndGlobalSection
	GlobalSection(SolutionProperties) = preSolution
		HideSolutionNode = FALSE
	EndGlobalSection
EndGlobal
